
Microsoft Visual Studio Solution File, Format Version 12.00
# Visual Studio Version 17
VisualStudioVersion = 17.4.33213.308
MinimumVisualStudioVersion = 10.0.40219.1
Project("{9A19103F-16F7-4668-BE54-9A1E7A4F7556}") = "AppPlataformaCursosIdentity", "AppPlataformaCursos\AppPlataformaCursosIdentity.csproj", "{72B51313-E9D5-42FC-A79E-169D2EB22E0A}"
EndProject
Global
	GlobalSection(SolutionConfigurationPlatforms) = preSolution
		Debug|Any CPU = Debug|Any CPU
		Release|Any CPU = Release|Any CPU
	EndGlobalSection
	GlobalSection(ProjectConfigurationPlatforms) = postSolution
		{72B51313-E9D5-42FC-A79E-169D2EB22E0A}.Debug|Any CPU.ActiveCfg = Debug|Any CPU
		{72B51313-E9D5-42FC-A79E-169D2EB22E0A}.Debug|Any CPU.Build.0 = Debug|Any CPU
		{72B51313-E9D5-42FC-A79E-169D2EB22E0A}.Release|Any CPU.ActiveCfg = Release|Any CPU
		{72B51313-E9D5-42FC-A79E-169D2EB22E0A}.Release|Any CPU.Build.0 = Release|Any CPU
	EndGlobalSection
	GlobalSection(SolutionProperties) = preSolution
		HideSolutionNode = FALSE
	EndGlobalSection
	GlobalSection(ExtensibilityGlobals) = postSolution
		SolutionGuid = {7E0A856E-44FE-48BE-8211-16EF88848B68}
	EndGlobalSection
EndGlobal
